// !$*UTF8*$!
{
	archiveVersion = 1;
	classes = {
	};
	objectVersion = 50;
	objects = {

/* Begin PBXBuildFile section */
		FD430595208F789D004C85BD /* AppDelegate.swift in Sources */ = {isa = PBXBuildFile; fileRef = FD430594208F789D004C85BD /* AppDelegate.swift */; };
		FD430597208F789D004C85BD /* ViewController.swift in Sources */ = {isa = PBXBuildFile; fileRef = FD430596208F789D004C85BD /* ViewController.swift */; };
		FD43059A208F789D004C85BD /* Main.storyboard in Resources */ = {isa = PBXBuildFile; fileRef = FD430598208F789D004C85BD /* Main.storyboard */; };
		FD43059C208F78A0004C85BD /* Assets.xcassets in Resources */ = {isa = PBXBuildFile; fileRef = FD43059B208F78A0004C85BD /* Assets.xcassets */; };
		FD43059F208F78A0004C85BD /* LaunchScreen.storyboard in Resources */ = {isa = PBXBuildFile; fileRef = FD43059D208F78A0004C85BD /* LaunchScreen.storyboard */; };
		FD93925D232E765C00314F99 /* DateTime.swift in Sources */ = {isa = PBXBuildFile; fileRef = FD93925C232E765C00314F99 /* DateTime.swift */; };
		FD93925F232E7F0300314F99 /* UserDefault.swift in Sources */ = {isa = PBXBuildFile; fileRef = FD93925E232E7F0300314F99 /* UserDefault.swift */; };
		FD939261232E80B000314F99 /* Const.swift in Sources */ = {isa = PBXBuildFile; fileRef = FD939260232E80B000314F99 /* Const.swift */; };
/* End PBXBuildFile section */

/* Begin PBXFileReference section */
		FD430591208F789D004C85BD /* UserDefaults3.app */ = {isa = PBXFileReference; explicitFileType = wrapper.application; includeInIndex = 0; path = UserDefaults3.app; sourceTree = BUILT_PRODUCTS_DIR; };
		FD430594208F789D004C85BD /* AppDelegate.swift */ = {isa = PBXFileReference; lastKnownFileType = sourcecode.swift; path = AppDelegate.swift; sourceTree = "<group>"; };
		FD430596208F789D004C85BD /* ViewController.swift */ = {isa = PBXFileReference; lastKnownFileType = sourcecode.swift; path = ViewController.swift; sourceTree = "<group>"; };
		FD430599208F789D004C85BD /* Base */ = {isa = PBXFileReference; lastKnownFileType = file.storyboard; name = Base; path = Base.lproj/Main.storyboard; sourceTree = "<group>"; };
		FD43059B208F78A0004C85BD /* Assets.xcassets */ = {isa = PBXFileReference; lastKnownFileType = folder.assetcatalog; path = Assets.xcassets; sourceTree = "<group>"; };
		FD43059E208F78A0004C85BD /* Base */ = {isa = PBXFileReference; lastKnownFileType = file.storyboard; name = Base; path = Base.lproj/LaunchScreen.storyboard; sourceTree = "<group>"; };
		FD4305A0208F78A0004C85BD /* Info.plist */ = {isa = PBXFileReference; lastKnownFileType = text.plist.xml; path = Info.plist; sourceTree = "<group>"; };
		FD93925C232E765C00314F99 /* DateTime.swift */ = {isa = PBXFileReference; lastKnownFileType = sourcecode.swift; path = DateTime.swift; sourceTree = "<group>"; };
		FD93925E232E7F0300314F99 /* UserDefault.swift */ = {isa = PBXFileReference; lastKnownFileType = sourcecode.swift; path = UserDefault.swift; sourceTree = "<group>"; };
		FD939260232E80B000314F99 /* Const.swift */ = {isa = PBXFileReference; lastKnownFileType = sourcecode.swift; path = Const.swift; sourceTree = "<group>"; };
/* End PBXFileReference section */

/* Begin PBXFrameworksBuildPhase section */
		FD43058E208F789D004C85BD /* Frameworks */ = {
			isa = PBXFrameworksBuildPhase;
			buildActionMask = 2147483647;
			files = (
			);
			runOnlyForDeploymentPostprocessing = 0;
		};
/* End PBXFrameworksBuildPhase section */

/* Begin PBXGroup section */
		FD430588208F789D004C85BD = {
			isa = PBXGroup;
			children = (
				FD430593208F789D004C85BD /* UserDefaults3 */,
				FD430592208F789D004C85BD /* Products */,
			);
			sourceTree = "<group>";
		};
		FD430592208F789D004C85BD /* Products */ = {
			isa = PBXGroup;
			children = (
				FD430591208F789D004C85BD /* UserDefaults3.app */,
			);
			name = Products;
			sourceTree = "<group>";
		};
		FD430593208F789D004C85BD /* UserDefaults3 */ = {
			isa = PBXGroup;
			children = (
				FD430594208F789D004C85BD /* AppDelegate.swift */,
				FD430596208F789D004C85BD /* ViewController.swift */,
				FD93925C232E765C00314F99 /* DateTime.swift */,
				FD93925E232E7F0300314F99 /* UserDefault.swift */,
				FD939260232E80B000314F99 /* Const.swift */,
				FD430598208F789D004C85BD /* Main.storyboard */,
				FD43059B208F78A0004C85BD /* Assets.xcassets */,
				FD43059D208F78A0004C85BD /* LaunchScreen.storyboard */,
				FD4305A0208F78A0004C85BD /* Info.plist */,
			);
			path = UserDefaults3;
			sourceTree = "<group>";
		};
/* End PBXGroup section */

/* Begin PBXNativeTarget section */
		FD430590208F789D004C85BD /* UserDefaults3 */ = {
			isa = PBXNativeTarget;
			buildConfigurationList = FD4305A3208F78A0004C85BD /* Build configuration list for PBXNativeTarget "UserDefaults3" */;
			buildPhases = (
				FD43058D208F789D004C85BD /* Sources */,
				FD43058E208F789D004C85BD /* Frameworks */,
				FD43058F208F789D004C85BD /* Resources */,
			);
			buildRules = (
			);
			dependencies = (
			);
			name = UserDefaults3;
			productName = UserDefaults3;
			productReference = FD430591208F789D004C85BD /* UserDefaults3.app */;
			productType = "com.apple.product-type.application";
		};
/* End PBXNativeTarget section */

/* Begin PBXProject section */
		FD430589208F789D004C85BD /* Project object */ = {
			isa = PBXProject;
			attributes = {
				LastSwiftUpdateCheck = 0930;
				LastUpgradeCheck = 0930;
				ORGANIZATIONNAME = "Swift-beginners";
				TargetAttributes = {
					FD430590208F789D004C85BD = {
						CreatedOnToolsVersion = 9.3;
					};
				};
			};
			buildConfigurationList = FD43058C208F789D004C85BD /* Build configuration list for PBXProject "UserDefaults3" */;
			compatibilityVersion = "Xcode 9.3";
			developmentRegion = en;
			hasScannedForEncodings = 0;
			knownRegions = (
				en,
				Base,
			);
			mainGroup = FD430588208F789D004C85BD;
			productRefGroup = FD430592208F789D004C85BD /* Products */;
			projectDirPath = "";
			projectRoot = "";
			targets = (
				FD430590208F789D004C85BD /* UserDefaults3 */,
			);
		};
/* End PBXProject section */

/* Begin PBXResourcesBuildPhase section */
		FD43058F208F789D004C85BD /* Resources */ = {
			isa = PBXResourcesBuildPhase;
			buildActionMask = 2147483647;
			files = (
				FD43059F208F78A0004C85BD /* LaunchScreen.storyboard in Resources */,
				FD43059C208F78A0004C85BD /* Assets.xcassets in Resources */,
				FD43059A208F789D004C85BD /* Main.storyboard in Resources */,
			);
			runOnlyForDeploymentPostprocessing = 0;
		};
/* End PBXResourcesBuildPhase section */

/* Begin PBXSourcesBuildPhase section */
		FD43058D208F789D004C85BD /* Sources */ = {
			isa = PBXSourcesBuildPhase;
			buildActionMask = 2147483647;
			files = (
				FD93925F232E7F0300314F99 /* UserDefault.swift in Sources */,
				FD430597208F789D004C85BD /* ViewController.swift in Sources */,
				FD93925D232E765C00314F99 /* DateTime.swift in Sources */,
				FD430595208F789D004C85BD /* AppDelegate.swift in Sources */,
				FD939261232E80B000314F99 /* Const.swift in Sources */,
			);
			runOnlyForDeploymentPostprocessing = 0;
		};
/* End PBXSourcesBuildPhase section */

/* Begin PBXVariantGroup section */
		FD430598208F789D004C85BD /* Main.storyboard */ = {
			isa = PBXVariantGroup;
			children = (
				FD430599208F789D004C85BD /* Base */,
			);
			name = Main.storyboard;
			sourceTree = "<group>";
		};
		FD43059D208F78A0004C85BD /* LaunchScreen.storyboard */ = {
			isa = PBXVariantGroup;
			children = (
				FD43059E208F78A0004C85BD /* Base */,
			);
			name = LaunchScreen.storyboard;
			sourceTree = "<group>";
		};
/* End PBXVariantGroup section */

/* Begin XCBuildConfiguration section */
		FD4305A1208F78A0004C85BD /* Debug */ = {
			isa = XCBuildConfiguration;
			buildSettings = {
				ALWAYS_SEARCH_USER_PATHS = NO;
				CLANG_ANALYZER_NONNULL = YES;
				CLANG_ANALYZER_NUMBER_OBJECT_CONVERSION = YES_AGGRESSIVE;
				CLANG_CXX_LANGUAGE_STANDARD = "gnu++14";
				CLANG_CXX_LIBRARY = "libc++";
				CLANG_ENABLE_MODULES = YES;
				CLANG_ENABLE_OBJC_ARC = YES;
				CLANG_ENABLE_OBJC_WEAK = YES;
				CLANG_WARN_BLOCK_CAPTURE_AUTORELEASING = YES;
				CLANG_WARN_BOOL_CONVERSION = YES;
				CLANG_WARN_COMMA = YES;
				CLANG_WARN_CONSTANT_CONVERSION = YES;
				CLANG_WARN_DEPRECATED_OBJC_IMPLEMENTATIONS = YES;
				CLANG_WARN_DIRECT_OBJC_ISA_USAGE = YES_ERROR;
				CLANG_WARN_DOCUMENTATION_COMMENTS = YES;
				CLANG_WARN_EMPTY_BODY = YES;
				CLANG_WARN_ENUM_CONVERSION = YES;
				CLANG_WARN_INFINITE_RECURSION = YES;
				CLANG_WARN_INT_CONVERSION = YES;
				CLANG_WARN_NON_LITERAL_NULL_CONVERSION = YES;
				CLANG_WARN_OBJC_IMPLICIT_RETAIN_SELF = YES;
				CLANG_WARN_OBJC_LITERAL_CONVERSION = YES;
				CLANG_WARN_OBJC_ROOT_CLASS = YES_ERROR;
				CLANG_WARN_RANGE_LOOP_ANALYSIS = YES;
				CLANG_WARN_STRICT_PROTOTYPES = YES;
				CLANG_WARN_SUSPICIOUS_MOVE = YES;
				CLANG_WARN_UNGUARDED_AVAILABILITY = YES_AGGRESSIVE;
				CLANG_WARN_UNREACHABLE_CODE = YES;
				CLANG_WARN__DUPLICATE_METHOD_MATCH = YES;
				CODE_SIGN_IDENTITY = "iPhone Developer";
				COPY_PHASE_STRIP = NO;
				DEBUG_INFORMATION_FORMAT = dwarf;
				ENABLE_STRICT_OBJC_MSGSEND = YES;
				ENABLE_TESTABILITY = YES;
				GCC_C_LANGUAGE_STANDARD = gnu11;
				GCC_DYNAMIC_NO_PIC = NO;
				GCC_NO_COMMON_BLOCKS = YES;
				GCC_OPTIMIZATION_LEVEL = 0;
				GCC_PREPROCESSOR_DEFINITIONS = (
					"DEBUG=1",
					"$(inherited)",
				);
				GCC_WARN_64_TO_32_BIT_CONVERSION = YES;
				GCC_WARN_ABOUT_RETURN_TYPE = YES_ERROR;
				GCC_WARN_UNDECLARED_SELECTOR = YES;
				GCC_WARN_UNINITIALIZED_AUTOS = YES_AGGRESSIVE;
				GCC_WARN_UNUSED_FUNCTION = YES;
				GCC_WARN_UNUSED_VARIABLE = YES;
				IPHONEOS_DEPLOYMENT_TARGET = 11.3;
				MTL_ENABLE_DEBUG_INFO = YES;
				ONLY_ACTIVE_ARCH = YES;
				SDKROOT = iphoneos;
				SWIFT_ACTIVE_COMPILATION_CONDITIONS = DEBUG;
				SWIFT_OPTIMIZATION_LEVEL = "-Onone";
			};
			name = Debug;
		};
		FD4305A2208F78A0004C85BD /* Release */ = {
			isa = XCBuildConfiguration;
			buildSettings = {
				ALWAYS_SEARCH_USER_PATHS = NO;
				CLANG_ANALYZER_NONNULL = YES;
				CLANG_ANALYZER_NUMBER_OBJECT_CONVERSION = YES_AGGRESSIVE;
				CLANG_CXX_LANGUAGE_STANDARD = "gnu++14";
				CLANG_CXX_LIBRARY = "libc++";
				CLANG_ENABLE_MODULES = YES;
				CLANG_ENABLE_OBJC_ARC = YES;
				CLANG_ENABLE_OBJC_WEAK = YES;
				CLANG_WARN_BLOCK_CAPTURE_AUTORELEASING = YES;
				CLANG_WARN_BOOL_CONVERSION = YES;
				CLANG_WARN_COMMA = YES;
				CLANG_WARN_CONSTANT_CONVERSION = YES;
				CLANG_WARN_DEPRECATED_OBJC_IMPLEMENTATIONS = YES;
				CLANG_WARN_DIRECT_OBJC_ISA_USAGE = YES_ERROR;
				CLANG_WARN_DOCUMENTATION_COMMENTS = YES;
				CLANG_WARN_EMPTY_BODY = YES;
				CLANG_WARN_ENUM_CONVERSION = YES;
				CLANG_WARN_INFINITE_RECURSION = YES;
				CLANG_WARN_INT_CONVERSION = YES;
				CLANG_WARN_NON_LITERAL_NULL_CONVERSION = YES;
				CLANG_WARN_OBJC_IMPLICIT_RETAIN_SELF = YES;
				CLANG_WARN_OBJC_LITERAL_CONVERSION = YES;
				CLANG_WARN_OBJC_ROOT_CLASS = YES_ERROR;
				CLANG_WARN_RANGE_LOOP_ANALYSIS = YES;
				CLANG_WARN_STRICT_PROTOTYPES = YES;
				CLANG_WARN_SUSPICIOUS_MOVE = YES;
				CLANG_WARN_UNGUARDED_AVAILABILITY = YES_AGGRESSIVE;
				CLANG_WARN_UNREACHABLE_CODE = YES;
				CLANG_WARN__DUPLICATE_METHOD_MATCH = YES;
				CODE_SIGN_IDENTITY = "iPhone Developer";
				COPY_PHASE_STRIP = NO;
				DEBUG_INFORMATION_FORMAT = "dwarf-with-dsym";
				ENABLE_NS_ASSERTIONS = NO;
				ENABLE_STRICT_OBJC_MSGSEND = YES;
				GCC_C_LANGUAGE_STANDARD = gnu11;
				GCC_NO_COMMON_BLOCKS = YES;
				GCC_WARN_64_TO_32_BIT_CONVERSION = YES;
				GCC_WARN_ABOUT_RETURN_TYPE = YES_ERROR;
				GCC_WARN_UNDECLARED_SELECTOR = YES;
				GCC_WARN_UNINITIALIZED_AUTOS = YES_AGGRESSIVE;
				GCC_WARN_UNUSED_FUNCTION = YES;
				GCC_WARN_UNUSED_VARIABLE = YES;
				IPHONEOS_DEPLOYMENT_TARGET = 11.3;
				MTL_ENABLE_DEBUG_INFO = NO;
				SDKROOT = iphoneos;
				SWIFT_COMPILATION_MODE = wholemodule;
				SWIFT_OPTIMIZATION_LEVEL = "-O";
				VALIDATE_PRODUCT = YES;
			};
			name = Release;
		};
		FD4305A4208F78A0004C85BD /* Debug */ = {
			isa = XCBuildConfiguration;
			buildSettings = {
				ASSETCATALOG_COMPILER_APPICON_NAME = AppIcon;
				CODE_SIGN_STYLE = Automatic;
				DEVELOPMENT_TEAM = 8DJ3WL36QU;
				INFOPLIST_FILE = UserDefaults3/Info.plist;
				LD_RUNPATH_SEARCH_PATHS = (
					"$(inherited)",
					"@executable_path/Frameworks",
				);
				PRODUCT_BUNDLE_IDENTIFIER = "Swift-beginners2.UserDefaults3";
				PRODUCT_NAME = "$(TARGET_NAME)";
				SWIFT_VERSION = 4.0;
				TARGETED_DEVICE_FAMILY = "1,2";
			};
			name = Debug;
		};
		FD4305A5208F78A0004C85BD /* Release */ = {
			isa = XCBuildConfiguration;
			buildSettings = {
				ASSETCATALOG_COMPILER_APPICON_NAME = AppIcon;
				CODE_SIGN_STYLE = Automatic;
				DEVELOPMENT_TEAM = 8DJ3WL36QU;
				INFOPLIST_FILE = UserDefaults3/Info.plist;
				LD_RUNPATH_SEARCH_PATHS = (
					"$(inherited)",
					"@executable_path/Frameworks",
				);
				PRODUCT_BUNDLE_IDENTIFIER = "Swift-beginners2.UserDefaults3";
				PRODUCT_NAME = "$(TARGET_NAME)";
				SWIFT_VERSION = 4.0;
				TARGETED_DEVICE_FAMILY = "1,2";
			};
			name = Release;
		};
/* End XCBuildConfiguration section */

/* Begin XCConfigurationList section */
		FD43058C208F789D004C85BD /* Build configuration list for PBXProject "UserDefaults3" */ = {
			isa = XCConfigurationList;
			buildConfigurations = (
				FD4305A1208F78A0004C85BD /* Debug */,
				FD4305A2208F78A0004C85BD /* Release */,
			);
			defaultConfigurationIsVisible = 0;
			defaultConfigurationName = Release;
		};
		FD4305A3208F78A0004C85BD /* Build configuration list for PBXNativeTarget "UserDefaults3" */ = {
			isa = XCConfigurationList;
			buildConfigurations = (
				FD4305A4208F78A0004C85BD /* Debug */,
				FD4305A5208F78A0004C85BD /* Release */,
			);
			defaultConfigurationIsVisible = 0;
			defaultConfigurationName = Release;
		};
/* End XCConfigurationList section */
	};
	rootObject = FD430589208F789D004C85BD /* Project object */;
}
